
Microsoft Visual Studio Solution File, Format Version 12.00
# Visual Studio Version 16
VisualStudioVersion = 16.0.32413.511
MinimumVisualStudioVersion = 10.0.40219.1
Project("{FAE04EC0-301F-11D3-BF4B-00C04F79EFBC}") = "Splunk_Logging", "Splunk_Logging.csproj", "{A689DE31-BEAA-4D95-9CCE-3F26CE26744C}"
EndProject
Global
	GlobalSection(SolutionConfigurationPlatforms) = preSolution
		Debug|Any CPU = Debug|Any CPU
		Release|Any CPU = Release|Any CPU
	EndGlobalSection
	GlobalSection(ProjectConfigurationPlatforms) = postSolution
		{A689DE31-BEAA-4D95-9CCE-3F26CE26744C}.Debug|Any CPU.ActiveCfg = Debug|Any CPU
		{A689DE31-BEAA-4D95-9CCE-3F26CE26744C}.Debug|Any CPU.Build.0 = Debug|Any CPU
		{A689DE31-BEAA-4D95-9CCE-3F26CE26744C}.Release|Any CPU.ActiveCfg = Release|Any CPU
		{A689DE31-BEAA-4D95-9CCE-3F26CE26744C}.Release|Any CPU.Build.0 = Release|Any CPU
	EndGlobalSection
	GlobalSection(SolutionProperties) = preSolution
		HideSolutionNode = FALSE
	EndGlobalSection
	GlobalSection(ExtensibilityGlobals) = postSolution
		SolutionGuid = {ECCC30E7-5E2A-43CD-9EC7-5C65DA52FA34}
	EndGlobalSection
EndGlobal
